
Microsoft Visual Studio Solution File, Format Version 12.00
# Visual Studio Version 17
VisualStudioVersion = 17.13.35825.156 d17.13
MinimumVisualStudioVersion = 10.0.40219.1
Project("{FAE04EC0-301F-11D3-BF4B-00C04F79EFBC}") = "RevampAuto", "RevampAuto\RevampAuto.csproj", "{F60A559B-D7AF-4D6A-B543-7D10962BCDD6}"
EndProject
Global
	GlobalSection(SolutionConfigurationPlatforms) = preSolution
		Debug|Any CPU = Debug|Any CPU
		Release|Any CPU = Release|Any CPU
	EndGlobalSection
	GlobalSection(ProjectConfigurationPlatforms) = postSolution
		{F60A559B-D7AF-4D6A-B543-7D10962BCDD6}.Debug|Any CPU.ActiveCfg = Debug|Any CPU
		{F60A559B-D7AF-4D6A-B543-7D10962BCDD6}.Debug|Any CPU.Build.0 = Debug|Any CPU
		{F60A559B-D7AF-4D6A-B543-7D10962BCDD6}.Release|Any CPU.ActiveCfg = Release|Any CPU
		{F60A559B-D7AF-4D6A-B543-7D10962BCDD6}.Release|Any CPU.Build.0 = Release|Any CPU
	EndGlobalSection
	GlobalSection(SolutionProperties) = preSolution
		HideSolutionNode = FALSE
	EndGlobalSection
	GlobalSection(ExtensibilityGlobals) = postSolution
		SolutionGuid = {CB474FD6-D54B-4BC2-9360-44B118D07F66}
	EndGlobalSection
EndGlobal
